NeoBundleLock context_filetype.vim c0ce6302cfff64cc83b47062fab720e2d10bf5e4
NeoBundleLock emmet-vim 52f3af7ca8bc6a9988fcd80c7189591330fbcadd
NeoBundleLock jedi-vim e66c2e12e64c7f895342d4d9bcc596ea7eabfdf4
NeoBundleLock lightline.vim 9e8d9f68dfe9b19eba343f796ffd16933a4dc77d
NeoBundleLock neobundle.vim 380d9d299300019c0a9970ae6b87faabedab0747
NeoBundleLock neocomplcache 778181767467b8f8016828898779a646074d883a
NeoBundleLock neosnippet 23eac4b080bb9788fbe61a0b93c7cf39e533f490
NeoBundleLock neosnippet-snippets dbce664a473e2344d2cc4e494fb5e408452646e2
NeoBundleLock nerdtree f26eaf83551631e683e339f00e2c97bd6e8356d7
NeoBundleLock sudo.vim 060f0250d6f399d1cf9b15eaad3d55b3fbad4b0d
NeoBundleLock unite.vim 27a97d3eacd209c4f6e15c98e9217a4f6c438ac5
NeoBundleLock vim-gitgutter 09b9144002e938844df74f48ac72c1e3118e7d39
NeoBundleLock vim-indent-guides 018298ead9d3aa9cd3b4ae222f81022a33978b09
NeoBundleLock vim-quickrun bb4daff0342ce3311b7f6c2fd3e2160f2be9e374
NeoBundleLock vim-ref 007b0ac409100cf2b83eb7dace5c8235e3737fef
NeoBundleLock vim-snippets e840b91a4e86cda657519eba00766a29a614e1e2
NeoBundleLock vim-template e6e3a8c6b4f7520406f0b5f5a7e7f5507f1834d4
NeoBundleLock vimdoc-ja da38a60f4182f9c01e7b01618078cd13e78bdace
NeoBundleLock vimpager 3accfd16e2169aff2330b444a133031f3cf1c7e0
NeoBundleLock vimproc c2f6b82af60a4e7acde0e8dc4e6b6f5dc1cc8e1d
NeoBundleLock vimshell d36fde6da558d4cad7a1d03a07fd5e1fcf299141
NeoBundleLock webapi-vim ca89bd5867e76b154d4eca325b5a9ad6509fccc5
