NeoBundleLock deoplete.nvim d475c16977ba046b4ee1fe7715a1af1af884af5b
NeoBundleLock neosnippet 4bf88a9e497dc7180e9fe58551ad340de0192f39
NeoBundleLock neosnippet-snippets b89c544264912b064c79da2a90fc5d4e69d621b2
NeoBundleLock nerdtree 8cd17c1a478d8302e4782a95963abe46fc22c538
NeoBundleLock nvim-yarp edb260a903e03531a1c228245a054414a37dfb69
NeoBundleLock vim-gitgutter c92f61acdc1841292b539a8515a88ed811eafa3f
NeoBundleLock vim-hug-neovim-rpc 0b8e70f3440852d00dd8d98afd6d6274496e3fb3
NeoBundleLock vim-indent-guides b40687195c01caf40f62d20093296590b48e3a75
